{"format_version":"1.2","terraform_version":"1.12.2","planned_values":{"root_module":{"resources":[{"address":"aws_ebs_volume.data_storage","mode":"managed","type":"aws_ebs_volume","name":"data_storage","provider_name":"registry.terraform.io/hashicorp/aws","schema_version":0,"values":{"availability_zone":"us-east-1a","final_snapshot":false,"multi_attach_enabled":null,"outpost_arn":null,"size":40,"tags":null,"timeouts":null,"type":"gp3"},"sensitive_values":{"tags_all":{}}},{"address":"aws_ebs_volume.unencrypted_data","mode":"managed","type":"aws_ebs_volume","name":"unencrypted_data","provider_name":"registry.terraform.io/hashicorp/aws","schema_version":0,"values":{"availability_zone":"us-east-1a","encrypted":false,"final_snapshot":false,"multi_attach_enabled":null,"outpost_arn":null,"size":10,"tags":null,"timeouts":null},"sensitive_values":{"tags_all":{}}},{"address":"aws_instance.web_server","mode":"managed","type":"aws_instance","name":"web_server","provider_name":"registry.terraform.io/hashicorp/aws","schema_version":1,"values":{"ami":"ami-0c55b159cbfafe1f0","credit_specification":[],"get_password_data":false,"hibernation":null,"instance_type":"t3.small","launch_template":[],"source_dest_check":true,"tags":{"Name":"TestWebServer"},"tags_all":{"Name":"TestWebServer"},"timeouts":null,"user_data_replace_on_change":false,"volume_tags":null},"sensitive_values":{"capacity_reservation_specification":[],"cpu_options":[],"credit_specification":[],"ebs_block_device":[],"enclave_options":[],"ephemeral_block_device":[],"instance_market_options":[],"ipv6_addresses":[],"launch_template":[],"maintenance_options":[],"metadata_options":[],"network_interface":[],"private_dns_name_options":[],"root_block_device":[],"secondary_private_ips":[],"security_groups":[],"tags":{},"tags_all":{},"vpc_security_group_ids":[]}},{"address":"aws_s3_bucket.private_logs_bucket","mode":"managed","type":"aws_s3_bucket","name":"private_logs_bucket","provider_name":"registry.terraform.io/hashicorp/aws","schema_version":0,"values":{"acl":"private","bucket":"my-private-logs-bucket-67890","force_destroy":false,"tags":null,"timeouts":null},"sensitive_values":{"cors_rule":[],"grant":[],"lifecycle_rule":[],"logging":[],"object_lock_configuration":[],"replication_configuration":[],"server_side_encryption_configuration":[],"tags_all":{},"versioning":[],"website":[]}},{"address":"aws_s3_bucket.public_website_bucket","mode":"managed","type":"aws_s3_bucket","name":"public_website_bucket","provider_name":"registry.terraform.io/hashicorp/aws","schema_version":0,"values":{"acl":"public-read","bucket":"my-public-website-bucket-12345","force_destroy":false,"tags":null,"timeouts":null},"sensitive_values":{"cors_rule":[],"grant":[],"lifecycle_rule":[],"logging":[],"object_lock_configuration":[],"replication_configuration":[],"server_side_encryption_configuration":[],"tags_all":{},"versioning":[],"website":[]}},{"address":"aws_security_group.unrestricted_ssh","mode":"managed","type":"aws_security_group","name":"unrestricted_ssh","provider_name":"registry.terraform.io/hashicorp/aws","schema_version":1,"values":{"description":"Allows SSH from anywhere","ingress":[{"cidr_blocks":["0.0.0.0/0"],"description":"","from_port":22,"ipv6_cidr_blocks":[],"prefix_list_ids":[],"protocol":"tcp","security_groups":[],"self":false,"to_port":22}],"name":"unrestricted-ssh-sg","revoke_rules_on_delete":false,"tags":null,"timeouts":null},"sensitive_values":{"egress":[],"ingress":[{"cidr_blocks":[false],"ipv6_cidr_blocks":[],"prefix_list_ids":[],"security_groups":[]}],"tags_all":{}}}]}},"resource_changes":[{"address":"aws_ebs_volume.data_storage","mode":"managed","type":"aws_ebs_volume","name":"data_storage","provider_name":"registry.terraform.io/hashicorp/aws","change":{"actions":["create"],"before":null,"after":{"availability_zone":"us-east-1a","final_snapshot":false,"multi_attach_enabled":null,"outpost_arn":null,"size":40,"tags":null,"timeouts":null,"type":"gp3"},"after_unknown":{"arn":true,"create_time":true,"encrypted":true,"id":true,"iops":true,"kms_key_id":true,"snapshot_id":true,"tags_all":true,"throughput":true},"before_sensitive":false,"after_sensitive":{"tags_all":{}}}},{"address":"aws_ebs_volume.unencrypted_data","mode":"managed","type":"aws_ebs_volume","name":"unencrypted_data","provider_name":"registry.terraform.io/hashicorp/aws","change":{"actions":["create"],"before":null,"after":{"availability_zone":"us-east-1a","encrypted":false,"final_snapshot":false,"multi_attach_enabled":null,"outpost_arn":null,"size":10,"tags":null,"timeouts":null},"after_unknown":{"arn":true,"create_time":true,"id":true,"iops":true,"kms_key_id":true,"snapshot_id":true,"tags_all":true,"throughput":true,"type":true},"before_sensitive":false,"after_sensitive":{"tags_all":{}}}},{"address":"aws_instance.web_server","mode":"managed","type":"aws_instance","name":"web_server","provider_name":"registry.terraform.io/hashicorp/aws","change":{"actions":["create"],"before":null,"after":{"ami":"ami-0c55b159cbfafe1f0","credit_specification":[],"get_password_data":false,"hibernation":null,"instance_type":"t3.small","launch_template":[],"source_dest_check":true,"tags":{"Name":"TestWebServer"},"tags_all":{"Name":"TestWebServer"},"timeouts":null,"user_data_replace_on_change":false,"volume_tags":null},"after_unknown":{"arn":true,"associate_public_ip_address":true,"availability_zone":true,"capacity_reservation_specification":true,"cpu_core_count":true,"cpu_options":true,"cpu_threads_per_core":true,"credit_specification":[],"disable_api_stop":true,"disable_api_termination":true,"ebs_block_device":true,"ebs_optimized":true,"enable_primary_ipv6":true,"enclave_options":true,"ephemeral_block_device":true,"host_id":true,"host_resource_group_arn":true,"iam_instance_profile":true,"id":true,"instance_initiated_shutdown_behavior":true,"instance_lifecycle":true,"instance_market_options":true,"instance_state":true,"ipv6_address_count":true,"ipv6_addresses":true,"key_name":true,"launch_template":[],"maintenance_options":true,"metadata_options":true,"monitoring":true,"network_interface":true,"outpost_arn":true,"password_data":true,"placement_group":true,"placement_partition_number":true,"primary_network_interface_id":true,"private_dns":true,"private_dns_name_options":true,"private_ip":true,"public_dns":true,"public_ip":true,"root_block_device":true,"secondary_private_ips":true,"security_groups":true,"spot_instance_request_id":true,"subnet_id":true,"tags":{},"tags_all":{},"tenancy":true,"user_data":true,"user_data_base64":true,"vpc_security_group_ids":true},"before_sensitive":false,"after_sensitive":{"capacity_reservation_specification":[],"cpu_options":[],"credit_specification":[],"ebs_block_device":[],"enclave_options":[],"ephemeral_block_device":[],"instance_market_options":[],"ipv6_addresses":[],"launch_template":[],"maintenance_options":[],"metadata_options":[],"network_interface":[],"private_dns_name_options":[],"root_block_device":[],"secondary_private_ips":[],"security_groups":[],"tags":{},"tags_all":{},"vpc_security_group_ids":[]}}},{"address":"aws_s3_bucket.private_logs_bucket","mode":"managed","type":"aws_s3_bucket","name":"private_logs_bucket","provider_name":"registry.terraform.io/hashicorp/aws","change":{"actions":["create"],"before":null,"after":{"acl":"private","bucket":"my-private-logs-bucket-67890","force_destroy":false,"tags":null,"timeouts":null},"after_unknown":{"acceleration_status":true,"arn":true,"bucket_domain_name":true,"bucket_prefix":true,"bucket_regional_domain_name":true,"cors_rule":true,"grant":true,"hosted_zone_id":true,"id":true,"lifecycle_rule":true,"logging":true,"object_lock_configuration":true,"object_lock_enabled":true,"policy":true,"region":true,"replication_configuration":true,"request_payer":true,"server_side_encryption_configuration":true,"tags_all":true,"versioning":true,"website":true,"website_domain":true,"website_endpoint":true},"before_sensitive":false,"after_sensitive":{"cors_rule":[],"grant":[],"lifecycle_rule":[],"logging":[],"object_lock_configuration":[],"replication_configuration":[],"server_side_encryption_configuration":[],"tags_all":{},"versioning":[],"website":[]}}},{"address":"aws_s3_bucket.public_website_bucket","mode":"managed","type":"aws_s3_bucket","name":"public_website_bucket","provider_name":"registry.terraform.io/hashicorp/aws","change":{"actions":["create"],"before":null,"after":{"acl":"public-read","bucket":"my-public-website-bucket-12345","force_destroy":false,"tags":null,"timeouts":null},"after_unknown":{"acceleration_status":true,"arn":true,"bucket_domain_name":true,"bucket_prefix":true,"bucket_regional_domain_name":true,"cors_rule":true,"grant":true,"hosted_zone_id":true,"id":true,"lifecycle_rule":true,"logging":true,"object_lock_configuration":true,"object_lock_enabled":true,"policy":true,"region":true,"replication_configuration":true,"request_payer":true,"server_side_encryption_configuration":true,"tags_all":true,"versioning":true,"website":true,"website_domain":true,"website_endpoint":true},"before_sensitive":false,"after_sensitive":{"cors_rule":[],"grant":[],"lifecycle_rule":[],"logging":[],"object_lock_configuration":[],"replication_configuration":[],"server_side_encryption_configuration":[],"tags_all":{},"versioning":[],"website":[]}}},{"address":"aws_security_group.unrestricted_ssh","mode":"managed","type":"aws_security_group","name":"unrestricted_ssh","provider_name":"registry.terraform.io/hashicorp/aws","change":{"actions":["create"],"before":null,"after":{"description":"Allows SSH from anywhere","ingress":[{"cidr_blocks":["0.0.0.0/0"],"description":"","from_port":22,"ipv6_cidr_blocks":[],"prefix_list_ids":[],"protocol":"tcp","security_groups":[],"self":false,"to_port":22}],"name":"unrestricted-ssh-sg","revoke_rules_on_delete":false,"tags":null,"timeouts":null},"after_unknown":{"arn":true,"egress":true,"id":true,"ingress":[{"cidr_blocks":[false],"ipv6_cidr_blocks":[],"prefix_list_ids":[],"security_groups":[]}],"name_prefix":true,"owner_id":true,"tags_all":true,"vpc_id":true},"before_sensitive":false,"after_sensitive":{"egress":[],"ingress":[{"cidr_blocks":[false],"ipv6_cidr_blocks":[],"prefix_list_ids":[],"security_groups":[]}],"tags_all":{}}}}],"configuration":{"provider_config":{"aws":{"name":"aws","full_name":"registry.terraform.io/hashicorp/aws","version_constraint":"~\u003e 5.0","expressions":{"region":{"constant_value":"us-east-1"}}}},"root_module":{"resources":[{"address":"aws_ebs_volume.data_storage","mode":"managed","type":"aws_ebs_volume","name":"data_storage","provider_config_key":"aws","expressions":{"availability_zone":{"constant_value":"us-east-1a"},"size":{"constant_value":40},"type":{"constant_value":"gp3"}},"schema_version":0},{"address":"aws_ebs_volume.unencrypted_data","mode":"managed","type":"aws_ebs_volume","name":"unencrypted_data","provider_config_key":"aws","expressions":{"availability_zone":{"constant_value":"us-east-1a"},"encrypted":{"constant_value":false},"size":{"constant_value":10}},"schema_version":0},{"address":"aws_instance.web_server","mode":"managed","type":"aws_instance","name":"web_server","provider_config_key":"aws","expressions":{"ami":{"constant_value":"ami-0c55b159cbfafe1f0"},"instance_type":{"constant_value":"t3.small"},"tags":{"constant_value":{"Name":"TestWebServer"}}},"schema_version":1},{"address":"aws_s3_bucket.private_logs_bucket","mode":"managed","type":"aws_s3_bucket","name":"private_logs_bucket","provider_config_key":"aws","expressions":{"acl":{"constant_value":"private"},"bucket":{"constant_value":"my-private-logs-bucket-67890"}},"schema_version":0},{"address":"aws_s3_bucket.public_website_bucket","mode":"managed","type":"aws_s3_bucket","name":"public_website_bucket","provider_config_key":"aws","expressions":{"acl":{"constant_value":"public-read"},"bucket":{"constant_value":"my-public-website-bucket-12345"}},"schema_version":0},{"address":"aws_security_group.unrestricted_ssh","mode":"managed","type":"aws_security_group","name":"unrestricted_ssh","provider_config_key":"aws","expressions":{"description":{"constant_value":"Allows SSH from anywhere"},"ingress":{"constant_value":[{"cidr_blocks":["0.0.0.0/0"],"description":null,"from_port":22,"ipv6_cidr_blocks":null,"prefix_list_ids":null,"protocol":"tcp","security_groups":null,"self":null,"to_port":22}]},"name":{"constant_value":"unrestricted-ssh-sg"}},"schema_version":1}]}},"timestamp":"2025-09-30T23:51:24Z","applyable":true,"complete":true,"errored":false}
